// !$*UTF8*$!
{
	archiveVersion = 1;
	classes = {
	};
	objectVersion = 56;
	objects = {

/* Begin PBXBuildFile section */
		F80E38D82A8B13D70014529C /* Temp.swift in Sources */ = {isa = PBXBuildFile; fileRef = F80E38D72A8B13D70014529C /* Temp.swift */; };
		F81E28882A9C93EC0006F1A6 /* listData.swift in Sources */ = {isa = PBXBuildFile; fileRef = F81E28872A9C93EC0006F1A6 /* listData.swift */; };
		F8582FE22A92761600478181 /* CustomSideMenuNavigation.swift in Sources */ = {isa = PBXBuildFile; fileRef = F8582FE12A92761600478181 /* CustomSideMenuNavigation.swift */; };
		F8582FE42A92766C00478181 /* SideMenuViewController.swift in Sources */ = {isa = PBXBuildFile; fileRef = F8582FE32A92766C00478181 /* SideMenuViewController.swift */; };
		F87809FC2A90EC8B004CB0D8 /* BannerCell.swift in Sources */ = {isa = PBXBuildFile; fileRef = F87809FB2A90EC8B004CB0D8 /* BannerCell.swift */; };
		F87C66C52A90DE23002B66C9 /* MainList.swift in Sources */ = {isa = PBXBuildFile; fileRef = F87C66C42A90DE23002B66C9 /* MainList.swift */; };
		F8B2B3142A86219800CAD9A7 /* AppDelegate.swift in Sources */ = {isa = PBXBuildFile; fileRef = F8B2B3132A86219800CAD9A7 /* AppDelegate.swift */; };
		F8B2B3162A86219800CAD9A7 /* SceneDelegate.swift in Sources */ = {isa = PBXBuildFile; fileRef = F8B2B3152A86219800CAD9A7 /* SceneDelegate.swift */; };
		F8B2B3182A86219800CAD9A7 /* ViewController.swift in Sources */ = {isa = PBXBuildFile; fileRef = F8B2B3172A86219800CAD9A7 /* ViewController.swift */; };
		F8B2B31B2A86219800CAD9A7 /* Main.storyboard in Resources */ = {isa = PBXBuildFile; fileRef = F8B2B3192A86219800CAD9A7 /* Main.storyboard */; };
		F8B2B31D2A86219900CAD9A7 /* Assets.xcassets in Resources */ = {isa = PBXBuildFile; fileRef = F8B2B31C2A86219900CAD9A7 /* Assets.xcassets */; };
		F8B2B3202A86219900CAD9A7 /* LaunchScreen.storyboard in Resources */ = {isa = PBXBuildFile; fileRef = F8B2B31E2A86219900CAD9A7 /* LaunchScreen.storyboard */; };
		F8DADACD2A96055300E0A643 /* MyProfile.swift in Sources */ = {isa = PBXBuildFile; fileRef = F8DADACC2A96055300E0A643 /* MyProfile.swift */; };
		F8DEC4FE2A8B47FD00820B35 /* Register.swift in Sources */ = {isa = PBXBuildFile; fileRef = F8DEC4FD2A8B47FD00820B35 /* Register.swift */; };
		F8F2496F2A98330000E13B60 /* NewPost.swift in Sources */ = {isa = PBXBuildFile; fileRef = F8F2496E2A98330000E13B60 /* NewPost.swift */; };
/* End PBXBuildFile section */

/* Begin PBXFileReference section */
		4A8FC9B93CCBAFFBE757333D /* Pods-Union.release.xcconfig */ = {isa = PBXFileReference; includeInIndex = 1; lastKnownFileType = text.xcconfig; name = "Pods-Union.release.xcconfig"; path = "Target Support Files/Pods-Union/Pods-Union.release.xcconfig"; sourceTree = "<group>"; };
		62E7502B64DBC861E7B957BF /* Pods-Union.debug.xcconfig */ = {isa = PBXFileReference; includeInIndex = 1; lastKnownFileType = text.xcconfig; name = "Pods-Union.debug.xcconfig"; path = "Target Support Files/Pods-Union/Pods-Union.debug.xcconfig"; sourceTree = "<group>"; };
		F80E38D72A8B13D70014529C /* Temp.swift */ = {isa = PBXFileReference; lastKnownFileType = sourcecode.swift; path = Temp.swift; sourceTree = "<group>"; };
		F81E28872A9C93EC0006F1A6 /* listData.swift */ = {isa = PBXFileReference; lastKnownFileType = sourcecode.swift; path = listData.swift; sourceTree = "<group>"; };
		F8582FE12A92761600478181 /* CustomSideMenuNavigation.swift */ = {isa = PBXFileReference; lastKnownFileType = sourcecode.swift; path = CustomSideMenuNavigation.swift; sourceTree = "<group>"; };
		F8582FE32A92766C00478181 /* SideMenuViewController.swift */ = {isa = PBXFileReference; lastKnownFileType = sourcecode.swift; path = SideMenuViewController.swift; sourceTree = "<group>"; };
		F87809FB2A90EC8B004CB0D8 /* BannerCell.swift */ = {isa = PBXFileReference; lastKnownFileType = sourcecode.swift; path = BannerCell.swift; sourceTree = "<group>"; };
		F87C66C42A90DE23002B66C9 /* MainList.swift */ = {isa = PBXFileReference; lastKnownFileType = sourcecode.swift; path = MainList.swift; sourceTree = "<group>"; };
		F8B2B3102A86219800CAD9A7 /* Union.app */ = {isa = PBXFileReference; explicitFileType = wrapper.application; includeInIndex = 0; path = Union.app; sourceTree = BUILT_PRODUCTS_DIR; };
		F8B2B3132A86219800CAD9A7 /* AppDelegate.swift */ = {isa = PBXFileReference; lastKnownFileType = sourcecode.swift; path = AppDelegate.swift; sourceTree = "<group>"; };
		F8B2B3152A86219800CAD9A7 /* SceneDelegate.swift */ = {isa = PBXFileReference; lastKnownFileType = sourcecode.swift; path = SceneDelegate.swift; sourceTree = "<group>"; };
		F8B2B3172A86219800CAD9A7 /* ViewController.swift */ = {isa = PBXFileReference; lastKnownFileType = sourcecode.swift; path = ViewController.swift; sourceTree = "<group>"; };
		F8B2B31A2A86219800CAD9A7 /* Base */ = {isa = PBXFileReference; lastKnownFileType = file.storyboard; name = Base; path = Base.lproj/Main.storyboard; sourceTree = "<group>"; };
		F8B2B31C2A86219900CAD9A7 /* Assets.xcassets */ = {isa = PBXFileReference; lastKnownFileType = folder.assetcatalog; path = Assets.xcassets; sourceTree = "<group>"; };
		F8B2B31F2A86219900CAD9A7 /* Base */ = {isa = PBXFileReference; lastKnownFileType = file.storyboard; name = Base; path = Base.lproj/LaunchScreen.storyboard; sourceTree = "<group>"; };
		F8B2B3212A86219900CAD9A7 /* Info.plist */ = {isa = PBXFileReference; lastKnownFileType = text.plist.xml; path = Info.plist; sourceTree = "<group>"; };
		F8DADACC2A96055300E0A643 /* MyProfile.swift */ = {isa = PBXFileReference; lastKnownFileType = sourcecode.swift; path = MyProfile.swift; sourceTree = "<group>"; };
		F8DEC4FD2A8B47FD00820B35 /* Register.swift */ = {isa = PBXFileReference; lastKnownFileType = sourcecode.swift; path = Register.swift; sourceTree = "<group>"; };
		F8F2496E2A98330000E13B60 /* NewPost.swift */ = {isa = PBXFileReference; lastKnownFileType = sourcecode.swift; path = NewPost.swift; sourceTree = "<group>"; };
/* End PBXFileReference section */

/* Begin PBXFrameworksBuildPhase section */
		F8B2B30D2A86219800CAD9A7 /* Frameworks */ = {
			isa = PBXFrameworksBuildPhase;
			buildActionMask = 2147483647;
			files = (
			);
			runOnlyForDeploymentPostprocessing = 0;
		};
/* End PBXFrameworksBuildPhase section */

/* Begin PBXGroup section */
		A1E853DAD2176CF9D457D6EE /* Pods */ = {
			isa = PBXGroup;
			children = (
				62E7502B64DBC861E7B957BF /* Pods-Union.debug.xcconfig */,
				4A8FC9B93CCBAFFBE757333D /* Pods-Union.release.xcconfig */,
			);
			path = Pods;
			sourceTree = "<group>";
		};
		BEEEF941D02A6CFF39CD1421 /* Frameworks */ = {
			isa = PBXGroup;
			children = (
			);
			name = Frameworks;
			sourceTree = "<group>";
		};
		F8B2B3072A86219800CAD9A7 = {
			isa = PBXGroup;
			children = (
				F8B2B3122A86219800CAD9A7 /* Union */,
				F8B2B3112A86219800CAD9A7 /* Products */,
				A1E853DAD2176CF9D457D6EE /* Pods */,
				BEEEF941D02A6CFF39CD1421 /* Frameworks */,
			);
			sourceTree = "<group>";
		};
		F8B2B3112A86219800CAD9A7 /* Products */ = {
			isa = PBXGroup;
			children = (
				F8B2B3102A86219800CAD9A7 /* Union.app */,
			);
			name = Products;
			sourceTree = "<group>";
		};
		F8B2B3122A86219800CAD9A7 /* Union */ = {
			isa = PBXGroup;
			children = (
				F8B2B3132A86219800CAD9A7 /* AppDelegate.swift */,
				F8B2B3152A86219800CAD9A7 /* SceneDelegate.swift */,
				F8B2B3192A86219800CAD9A7 /* Main.storyboard */,
				F8B2B31C2A86219900CAD9A7 /* Assets.xcassets */,
				F8B2B31E2A86219900CAD9A7 /* LaunchScreen.storyboard */,
				F8B2B3212A86219900CAD9A7 /* Info.plist */,
				F8B2B3172A86219800CAD9A7 /* ViewController.swift */,
				F80E38D72A8B13D70014529C /* Temp.swift */,
				F8DEC4FD2A8B47FD00820B35 /* Register.swift */,
				F87C66C42A90DE23002B66C9 /* MainList.swift */,
				F87809FB2A90EC8B004CB0D8 /* BannerCell.swift */,
				F8582FE12A92761600478181 /* CustomSideMenuNavigation.swift */,
				F8582FE32A92766C00478181 /* SideMenuViewController.swift */,
				F8DADACC2A96055300E0A643 /* MyProfile.swift */,
				F8F2496E2A98330000E13B60 /* NewPost.swift */,
				F81E28872A9C93EC0006F1A6 /* listData.swift */,
			);
			path = Union;
			sourceTree = "<group>";
		};
/* End PBXGroup section */

/* Begin PBXNativeTarget section */
		F8B2B30F2A86219800CAD9A7 /* Union */ = {
			isa = PBXNativeTarget;
			buildConfigurationList = F8B2B3242A86219900CAD9A7 /* Build configuration list for PBXNativeTarget "Union" */;
			buildPhases = (
				179297580E43ED8D67CAD4B1 /* [CP] Check Pods Manifest.lock */,
				F8B2B30C2A86219800CAD9A7 /* Sources */,
				F8B2B30D2A86219800CAD9A7 /* Frameworks */,
				F8B2B30E2A86219800CAD9A7 /* Resources */,
				E521643602438662743D2B52 /* [CP] Embed Pods Frameworks */,
			);
			buildRules = (
			);
			dependencies = (
			);
			name = Union;
			productName = Union;
			productReference = F8B2B3102A86219800CAD9A7 /* Union.app */;
			productType = "com.apple.product-type.application";
		};
/* End PBXNativeTarget section */

/* Begin PBXProject section */
		F8B2B3082A86219800CAD9A7 /* Project object */ = {
			isa = PBXProject;
			attributes = {
				BuildIndependentTargetsInParallel = 1;
				LastSwiftUpdateCheck = 1430;
				LastUpgradeCheck = 1430;
				TargetAttributes = {
					F8B2B30F2A86219800CAD9A7 = {
						CreatedOnToolsVersion = 14.3.1;
					};
				};
			};
			buildConfigurationList = F8B2B30B2A86219800CAD9A7 /* Build configuration list for PBXProject "Union" */;
			compatibilityVersion = "Xcode 14.0";
			developmentRegion = en;
			hasScannedForEncodings = 0;
			knownRegions = (
				en,
				Base,
			);
			mainGroup = F8B2B3072A86219800CAD9A7;
			productRefGroup = F8B2B3112A86219800CAD9A7 /* Products */;
			projectDirPath = "";
			projectRoot = "";
			targets = (
				F8B2B30F2A86219800CAD9A7 /* Union */,
			);
		};
/* End PBXProject section */

/* Begin PBXResourcesBuildPhase section */
		F8B2B30E2A86219800CAD9A7 /* Resources */ = {
			isa = PBXResourcesBuildPhase;
			buildActionMask = 2147483647;
			files = (
				F8B2B3202A86219900CAD9A7 /* LaunchScreen.storyboard in Resources */,
				F8B2B31D2A86219900CAD9A7 /* Assets.xcassets in Resources */,
				F8B2B31B2A86219800CAD9A7 /* Main.storyboard in Resources */,
			);
			runOnlyForDeploymentPostprocessing = 0;
		};
/* End PBXResourcesBuildPhase section */

/* Begin PBXShellScriptBuildPhase section */
		179297580E43ED8D67CAD4B1 /* [CP] Check Pods Manifest.lock */ = {
			isa = PBXShellScriptBuildPhase;
			buildActionMask = 2147483647;
			files = (
			);
			inputFileListPaths = (
			);
			inputPaths = (
				"${PODS_PODFILE_DIR_PATH}/Podfile.lock",
				"${PODS_ROOT}/Manifest.lock",
			);
			name = "[CP] Check Pods Manifest.lock";
			outputFileListPaths = (
			);
			outputPaths = (
				"$(DERIVED_FILE_DIR)/Pods-Union-checkManifestLockResult.txt",
			);
			runOnlyForDeploymentPostprocessing = 0;
			shellPath = /bin/sh;
			shellScript = "diff \"${PODS_PODFILE_DIR_PATH}/Podfile.lock\" \"${PODS_ROOT}/Manifest.lock\" > /dev/null\nif [ $? != 0 ] ; then\n    # print error to STDERR\n    echo \"error: The sandbox is not in sync with the Podfile.lock. Run 'pod install' or update your CocoaPods installation.\" >&2\n    exit 1\nfi\n# This output is used by Xcode 'outputs' to avoid re-running this script phase.\necho \"SUCCESS\" > \"${SCRIPT_OUTPUT_FILE_0}\"\n";
			showEnvVarsInLog = 0;
		};
		E521643602438662743D2B52 /* [CP] Embed Pods Frameworks */ = {
			isa = PBXShellScriptBuildPhase;
			buildActionMask = 2147483647;
			files = (
			);
			inputFileListPaths = (
				"${PODS_ROOT}/Target Support Files/Pods-Union/Pods-Union-frameworks-${CONFIGURATION}-input-files.xcfilelist",
			);
			name = "[CP] Embed Pods Frameworks";
			outputFileListPaths = (
				"${PODS_ROOT}/Target Support Files/Pods-Union/Pods-Union-frameworks-${CONFIGURATION}-output-files.xcfilelist",
			);
			runOnlyForDeploymentPostprocessing = 0;
			shellPath = /bin/sh;
			shellScript = "\"${PODS_ROOT}/Target Support Files/Pods-Union/Pods-Union-frameworks.sh\"\n";
			showEnvVarsInLog = 0;
		};
/* End PBXShellScriptBuildPhase section */

/* Begin PBXSourcesBuildPhase section */
		F8B2B30C2A86219800CAD9A7 /* Sources */ = {
			isa = PBXSourcesBuildPhase;
			buildActionMask = 2147483647;
			files = (
				F87809FC2A90EC8B004CB0D8 /* BannerCell.swift in Sources */,
				F8DADACD2A96055300E0A643 /* MyProfile.swift in Sources */,
				F8B2B3182A86219800CAD9A7 /* ViewController.swift in Sources */,
				F8B2B3142A86219800CAD9A7 /* AppDelegate.swift in Sources */,
				F80E38D82A8B13D70014529C /* Temp.swift in Sources */,
				F87C66C52A90DE23002B66C9 /* MainList.swift in Sources */,
				F8B2B3162A86219800CAD9A7 /* SceneDelegate.swift in Sources */,
				F81E28882A9C93EC0006F1A6 /* listData.swift in Sources */,
				F8582FE22A92761600478181 /* CustomSideMenuNavigation.swift in Sources */,
				F8F2496F2A98330000E13B60 /* NewPost.swift in Sources */,
				F8582FE42A92766C00478181 /* SideMenuViewController.swift in Sources */,
				F8DEC4FE2A8B47FD00820B35 /* Register.swift in Sources */,
			);
			runOnlyForDeploymentPostprocessing = 0;
		};
/* End PBXSourcesBuildPhase section */

/* Begin PBXVariantGroup section */
		F8B2B3192A86219800CAD9A7 /* Main.storyboard */ = {
			isa = PBXVariantGroup;
			children = (
				F8B2B31A2A86219800CAD9A7 /* Base */,
			);
			name = Main.storyboard;
			sourceTree = "<group>";
		};
		F8B2B31E2A86219900CAD9A7 /* LaunchScreen.storyboard */ = {
			isa = PBXVariantGroup;
			children = (
				F8B2B31F2A86219900CAD9A7 /* Base */,
			);
			name = LaunchScreen.storyboard;
			sourceTree = "<group>";
		};
/* End PBXVariantGroup section */

/* Begin XCBuildConfiguration section */
		F8B2B3222A86219900CAD9A7 /* Debug */ = {
			isa = XCBuildConfiguration;
			buildSettings = {
				ALWAYS_SEARCH_USER_PATHS = NO;
				CLANG_ANALYZER_NONNULL = YES;
				CLANG_ANALYZER_NUMBER_OBJECT_CONVERSION = YES_AGGRESSIVE;
				CLANG_CXX_LANGUAGE_STANDARD = "gnu++20";
				CLANG_ENABLE_MODULES = YES;
				CLANG_ENABLE_OBJC_ARC = YES;
				CLANG_ENABLE_OBJC_WEAK = YES;
				CLANG_WARN_BLOCK_CAPTURE_AUTORELEASING = YES;
				CLANG_WARN_BOOL_CONVERSION = YES;
				CLANG_WARN_COMMA = YES;
				CLANG_WARN_CONSTANT_CONVERSION = YES;
				CLANG_WARN_DEPRECATED_OBJC_IMPLEMENTATIONS = YES;
				CLANG_WARN_DIRECT_OBJC_ISA_USAGE = YES_ERROR;
				CLANG_WARN_DOCUMENTATION_COMMENTS = YES;
				CLANG_WARN_EMPTY_BODY = YES;
				CLANG_WARN_ENUM_CONVERSION = YES;
				CLANG_WARN_INFINITE_RECURSION = YES;
				CLANG_WARN_INT_CONVERSION = YES;
				CLANG_WARN_NON_LITERAL_NULL_CONVERSION = YES;
				CLANG_WARN_OBJC_IMPLICIT_RETAIN_SELF = YES;
				CLANG_WARN_OBJC_LITERAL_CONVERSION = YES;
				CLANG_WARN_OBJC_ROOT_CLASS = YES_ERROR;
				CLANG_WARN_QUOTED_INCLUDE_IN_FRAMEWORK_HEADER = YES;
				CLANG_WARN_RANGE_LOOP_ANALYSIS = YES;
				CLANG_WARN_STRICT_PROTOTYPES = YES;
				CLANG_WARN_SUSPICIOUS_MOVE = YES;
				CLANG_WARN_UNGUARDED_AVAILABILITY = YES_AGGRESSIVE;
				CLANG_WARN_UNREACHABLE_CODE = YES;
				CLANG_WARN__DUPLICATE_METHOD_MATCH = YES;
				COPY_PHASE_STRIP = NO;
				DEBUG_INFORMATION_FORMAT = dwarf;
				ENABLE_STRICT_OBJC_MSGSEND = YES;
				ENABLE_TESTABILITY = YES;
				GCC_C_LANGUAGE_STANDARD = gnu11;
				GCC_DYNAMIC_NO_PIC = NO;
				GCC_NO_COMMON_BLOCKS = YES;
				GCC_OPTIMIZATION_LEVEL = 0;
				GCC_PREPROCESSOR_DEFINITIONS = (
					"DEBUG=1",
					"$(inherited)",
				);
				GCC_WARN_64_TO_32_BIT_CONVERSION = YES;
				GCC_WARN_ABOUT_RETURN_TYPE = YES_ERROR;
				GCC_WARN_UNDECLARED_SELECTOR = YES;
				GCC_WARN_UNINITIALIZED_AUTOS = YES_AGGRESSIVE;
				GCC_WARN_UNUSED_FUNCTION = YES;
				GCC_WARN_UNUSED_VARIABLE = YES;
				IPHONEOS_DEPLOYMENT_TARGET = 16.4;
				MTL_ENABLE_DEBUG_INFO = INCLUDE_SOURCE;
				MTL_FAST_MATH = YES;
				ONLY_ACTIVE_ARCH = YES;
				SDKROOT = iphoneos;
				SWIFT_ACTIVE_COMPILATION_CONDITIONS = DEBUG;
				SWIFT_OPTIMIZATION_LEVEL = "-Onone";
			};
			name = Debug;
		};
		F8B2B3232A86219900CAD9A7 /* Release */ = {
			isa = XCBuildConfiguration;
			buildSettings = {
				ALWAYS_SEARCH_USER_PATHS = NO;
				CLANG_ANALYZER_NONNULL = YES;
				CLANG_ANALYZER_NUMBER_OBJECT_CONVERSION = YES_AGGRESSIVE;
				CLANG_CXX_LANGUAGE_STANDARD = "gnu++20";
				CLANG_ENABLE_MODULES = YES;
				CLANG_ENABLE_OBJC_ARC = YES;
				CLANG_ENABLE_OBJC_WEAK = YES;
				CLANG_WARN_BLOCK_CAPTURE_AUTORELEASING = YES;
				CLANG_WARN_BOOL_CONVERSION = YES;
				CLANG_WARN_COMMA = YES;
				CLANG_WARN_CONSTANT_CONVERSION = YES;
				CLANG_WARN_DEPRECATED_OBJC_IMPLEMENTATIONS = YES;
				CLANG_WARN_DIRECT_OBJC_ISA_USAGE = YES_ERROR;
				CLANG_WARN_DOCUMENTATION_COMMENTS = YES;
				CLANG_WARN_EMPTY_BODY = YES;
				CLANG_WARN_ENUM_CONVERSION = YES;
				CLANG_WARN_INFINITE_RECURSION = YES;
				CLANG_WARN_INT_CONVERSION = YES;
				CLANG_WARN_NON_LITERAL_NULL_CONVERSION = YES;
				CLANG_WARN_OBJC_IMPLICIT_RETAIN_SELF = YES;
				CLANG_WARN_OBJC_LITERAL_CONVERSION = YES;
				CLANG_WARN_OBJC_ROOT_CLASS = YES_ERROR;
				CLANG_WARN_QUOTED_INCLUDE_IN_FRAMEWORK_HEADER = YES;
				CLANG_WARN_RANGE_LOOP_ANALYSIS = YES;
				CLANG_WARN_STRICT_PROTOTYPES = YES;
				CLANG_WARN_SUSPICIOUS_MOVE = YES;
				CLANG_WARN_UNGUARDED_AVAILABILITY = YES_AGGRESSIVE;
				CLANG_WARN_UNREACHABLE_CODE = YES;
				CLANG_WARN__DUPLICATE_METHOD_MATCH = YES;
				COPY_PHASE_STRIP = NO;
				DEBUG_INFORMATION_FORMAT = "dwarf-with-dsym";
				ENABLE_NS_ASSERTIONS = NO;
				ENABLE_STRICT_OBJC_MSGSEND = YES;
				GCC_C_LANGUAGE_STANDARD = gnu11;
				GCC_NO_COMMON_BLOCKS = YES;
				GCC_WARN_64_TO_32_BIT_CONVERSION = YES;
				GCC_WARN_ABOUT_RETURN_TYPE = YES_ERROR;
				GCC_WARN_UNDECLARED_SELECTOR = YES;
				GCC_WARN_UNINITIALIZED_AUTOS = YES_AGGRESSIVE;
				GCC_WARN_UNUSED_FUNCTION = YES;
				GCC_WARN_UNUSED_VARIABLE = YES;
				IPHONEOS_DEPLOYMENT_TARGET = 16.4;
				MTL_ENABLE_DEBUG_INFO = NO;
				MTL_FAST_MATH = YES;
				SDKROOT = iphoneos;
				SWIFT_COMPILATION_MODE = wholemodule;
				SWIFT_OPTIMIZATION_LEVEL = "-O";
				VALIDATE_PRODUCT = YES;
			};
			name = Release;
		};
		F8B2B3252A86219900CAD9A7 /* Debug */ = {
			isa = XCBuildConfiguration;
			baseConfigurationReference = 62E7502B64DBC861E7B957BF /* Pods-Union.debug.xcconfig */;
			buildSettings = {
				ASSETCATALOG_COMPILER_APPICON_NAME = AppIcon;
				ASSETCATALOG_COMPILER_GLOBAL_ACCENT_COLOR_NAME = AccentColor;
				CODE_SIGN_STYLE = Automatic;
				CURRENT_PROJECT_VERSION = 1;
				DEVELOPMENT_TEAM = AV4C82XPGK;
				GENERATE_INFOPLIST_FILE = YES;
				INFOPLIST_FILE = Union/Info.plist;
				INFOPLIST_KEY_UIApplicationSupportsIndirectInputEvents = YES;
				INFOPLIST_KEY_UILaunchStoryboardName = LaunchScreen;
				INFOPLIST_KEY_UIMainStoryboardFile = Main;
				INFOPLIST_KEY_UISupportedInterfaceOrientations_iPad = "UIInterfaceOrientationPortrait UIInterfaceOrientationPortraitUpsideDown UIInterfaceOrientationLandscapeLeft UIInterfaceOrientationLandscapeRight";
				INFOPLIST_KEY_UISupportedInterfaceOrientations_iPhone = "UIInterfaceOrientationPortrait UIInterfaceOrientationLandscapeLeft UIInterfaceOrientationLandscapeRight";
				LD_RUNPATH_SEARCH_PATHS = (
					"$(inherited)",
					"@executable_path/Frameworks",
				);
				MARKETING_VERSION = 1.0;
				PRODUCT_BUNDLE_IDENTIFIER = none.Union;
				PRODUCT_NAME = "$(TARGET_NAME)";
				SWIFT_EMIT_LOC_STRINGS = YES;
				SWIFT_VERSION = 5.0;
				TARGETED_DEVICE_FAMILY = "1,2";
			};
			name = Debug;
		};
		F8B2B3262A86219900CAD9A7 /* Release */ = {
			isa = XCBuildConfiguration;
			baseConfigurationReference = 4A8FC9B93CCBAFFBE757333D /* Pods-Union.release.xcconfig */;
			buildSettings = {
				ASSETCATALOG_COMPILER_APPICON_NAME = AppIcon;
				ASSETCATALOG_COMPILER_GLOBAL_ACCENT_COLOR_NAME = AccentColor;
				CODE_SIGN_STYLE = Automatic;
				CURRENT_PROJECT_VERSION = 1;
				DEVELOPMENT_TEAM = AV4C82XPGK;
				GENERATE_INFOPLIST_FILE = YES;
				INFOPLIST_FILE = Union/Info.plist;
				INFOPLIST_KEY_UIApplicationSupportsIndirectInputEvents = YES;
				INFOPLIST_KEY_UILaunchStoryboardName = LaunchScreen;
				INFOPLIST_KEY_UIMainStoryboardFile = Main;
				INFOPLIST_KEY_UISupportedInterfaceOrientations_iPad = "UIInterfaceOrientationPortrait UIInterfaceOrientationPortraitUpsideDown UIInterfaceOrientationLandscapeLeft UIInterfaceOrientationLandscapeRight";
				INFOPLIST_KEY_UISupportedInterfaceOrientations_iPhone = "UIInterfaceOrientationPortrait UIInterfaceOrientationLandscapeLeft UIInterfaceOrientationLandscapeRight";
				LD_RUNPATH_SEARCH_PATHS = (
					"$(inherited)",
					"@executable_path/Frameworks",
				);
				MARKETING_VERSION = 1.0;
				PRODUCT_BUNDLE_IDENTIFIER = none.Union;
				PRODUCT_NAME = "$(TARGET_NAME)";
				SWIFT_EMIT_LOC_STRINGS = YES;
				SWIFT_VERSION = 5.0;
				TARGETED_DEVICE_FAMILY = "1,2";
			};
			name = Release;
		};
/* End XCBuildConfiguration section */

/* Begin XCConfigurationList section */
		F8B2B30B2A86219800CAD9A7 /* Build configuration list for PBXProject "Union" */ = {
			isa = XCConfigurationList;
			buildConfigurations = (
				F8B2B3222A86219900CAD9A7 /* Debug */,
				F8B2B3232A86219900CAD9A7 /* Release */,
			);
			defaultConfigurationIsVisible = 0;
			defaultConfigurationName = Release;
		};
		F8B2B3242A86219900CAD9A7 /* Build configuration list for PBXNativeTarget "Union" */ = {
			isa = XCConfigurationList;
			buildConfigurations = (
				F8B2B3252A86219900CAD9A7 /* Debug */,
				F8B2B3262A86219900CAD9A7 /* Release */,
			);
			defaultConfigurationIsVisible = 0;
			defaultConfigurationName = Release;
		};
/* End XCConfigurationList section */
	};
	rootObject = F8B2B3082A86219800CAD9A7 /* Project object */;
}
